
Microsoft Visual Studio Solution File, Format Version 12.00
# Visual Studio 15
VisualStudioVersion = 15.0.27703.2035
MinimumVisualStudioVersion = 10.0.40219.1
Project("{FAE04EC0-301F-11D3-BF4B-00C04F79EFBC}") = "TriggerEmail", "TriggerEmail\TriggerEmail.csproj", "{96E29A2A-E3FE-4F12-926F-CD0AA4BAA91B}"
EndProject
Global
	GlobalSection(SolutionConfigurationPlatforms) = preSolution
		Debug|Any CPU = Debug|Any CPU
		Release|Any CPU = Release|Any CPU
	EndGlobalSection
	GlobalSection(ProjectConfigurationPlatforms) = postSolution
		{96E29A2A-E3FE-4F12-926F-CD0AA4BAA91B}.Debug|Any CPU.ActiveCfg = Debug|Any CPU
		{96E29A2A-E3FE-4F12-926F-CD0AA4BAA91B}.Debug|Any CPU.Build.0 = Debug|Any CPU
		{96E29A2A-E3FE-4F12-926F-CD0AA4BAA91B}.Release|Any CPU.ActiveCfg = Release|Any CPU
		{96E29A2A-E3FE-4F12-926F-CD0AA4BAA91B}.Release|Any CPU.Build.0 = Release|Any CPU
	EndGlobalSection
	GlobalSection(SolutionProperties) = preSolution
		HideSolutionNode = FALSE
	EndGlobalSection
	GlobalSection(ExtensibilityGlobals) = postSolution
		EnterpriseLibraryConfigurationToolBinariesPathV6 = packages\EnterpriseLibrary.TransientFaultHandling.6.0.1304.0\lib\portable-net45+win+wp8
		SolutionGuid = {7F2351DA-C8EA-4064-94EF-E691F992E0BF}
	EndGlobalSection
EndGlobal
